
Microsoft Visual Studio Solution File, Format Version 12.00
# Visual Studio Version 16
VisualStudioVersion = 16.0.30002.166
MinimumVisualStudioVersion = 10.0.40219.1
Project("{FAE04EC0-301F-11D3-BF4B-00C04F79EFBC}") = "Task", "Task\Task.csproj", "{F23E2427-FB4B-4E78-9CE7-5516C5D6B9D6}"
EndProject
Global
	GlobalSection(SolutionConfigurationPlatforms) = preSolution
		Debug|Any CPU = Debug|Any CPU
		Release|Any CPU = Release|Any CPU
	EndGlobalSection
	GlobalSection(ProjectConfigurationPlatforms) = postSolution
		{F23E2427-FB4B-4E78-9CE7-5516C5D6B9D6}.Debug|Any CPU.ActiveCfg = Debug|Any CPU
		{F23E2427-FB4B-4E78-9CE7-5516C5D6B9D6}.Debug|Any CPU.Build.0 = Debug|Any CPU
		{F23E2427-FB4B-4E78-9CE7-5516C5D6B9D6}.Release|Any CPU.ActiveCfg = Release|Any CPU
		{F23E2427-FB4B-4E78-9CE7-5516C5D6B9D6}.Release|Any CPU.Build.0 = Release|Any CPU
	EndGlobalSection
	GlobalSection(SolutionProperties) = preSolution
		HideSolutionNode = FALSE
	EndGlobalSection
	GlobalSection(ExtensibilityGlobals) = postSolution
		SolutionGuid = {84DE0FD7-66C2-4D60-922E-8E833879EB30}
	EndGlobalSection
EndGlobal
